# THIS IS AN AUTOGENERATED FILE. DO NOT EDIT THIS FILE DIRECTLY.
# yarn lockfile v1


"data-uri-to-buffer@^4.0.0":
  "integrity" "sha512-Vr3mLBA8qWmcuschSLAOogKgQ/Jwxulv3RNE4FXnYWRGujzrRWQI4m12fQqRkwX06C0KanhLr4hK+GydchZsaA=="
  "resolved" "https://registry.npmjs.org/data-uri-to-buffer/-/data-uri-to-buffer-4.0.0.tgz"
  "version" "4.0.0"

"expo-server-sdk@^3.6.0":
  "integrity" "sha512-GyA0BTcFBKk/5gTEO4WOScP9hEttR+GitrcOIl7XwXwE1FHFvbluKiUc9yEjsfEYMgyd78+XhSpGVGQnutGOdA=="
  "resolved" "https://registry.npmjs.org/expo-server-sdk/-/expo-server-sdk-3.6.0.tgz"
  "version" "3.6.0"
  dependencies:
    "node-fetch" "^2.6.0"
    "promise-limit" "^2.7.0"

"fetch-blob@^3.1.2", "fetch-blob@^3.1.4":
  "integrity" "sha512-7yAQpD2UMJzLi1Dqv7qFYnPbaPx7ZfFK6PiIxQ4PfkGPyNyl2Ugx+a/umUonmKqjhM4DnfbMvdX6otXq83soQQ=="
  "resolved" "https://registry.npmjs.org/fetch-blob/-/fetch-blob-3.2.0.tgz"
  "version" "3.2.0"
  dependencies:
    "node-domexception" "^1.0.0"
    "web-streams-polyfill" "^3.0.3"

"formdata-polyfill@^4.0.10":
  "integrity" "sha512-buewHzMvYL29jdeQTVILecSaZKnt/RJWjoZCF5OW60Z67/GmSLBkOFM7qh1PI3zFNtJbaZL5eQu1vLfazOwj4g=="
  "resolved" "https://registry.npmjs.org/formdata-polyfill/-/formdata-polyfill-4.0.10.tgz"
  "version" "4.0.10"
  dependencies:
    "fetch-blob" "^3.1.2"

"node-domexception@^1.0.0":
  "integrity" "sha512-/jKZoMpw0F8GRwl4/eLROPA3cfcXtLApP0QzLmUT/HuPCZWyB7IY9ZrMeKw2O/nFIqPQB3PVM9aYm0F312AXDQ=="
  "resolved" "https://registry.npmjs.org/node-domexception/-/node-domexception-1.0.0.tgz"
  "version" "1.0.0"

"node-fetch@^2.6.0":
  "integrity" "sha512-ZjMPFEfVx5j+y2yF35Kzx5sF7kDzxuDj6ziH4FFbOp87zKDZNx8yExJIb05OGF4Nlt9IHFIMBkRl41VdvcNdbQ=="
  "resolved" "https://registry.npmjs.org/node-fetch/-/node-fetch-2.6.7.tgz"
  "version" "2.6.7"
  dependencies:
    "whatwg-url" "^5.0.0"

"node-fetch@^3.2.10":
  "integrity" "sha512-MhuzNwdURnZ1Cp4XTazr69K0BTizsBroX7Zx3UgDSVcZYKF/6p0CBe4EUb/hLqmzVhl0UpYfgRljQ4yxE+iCxA=="
  "resolved" "https://registry.npmjs.org/node-fetch/-/node-fetch-3.2.10.tgz"
  "version" "3.2.10"
  dependencies:
    "data-uri-to-buffer" "^4.0.0"
    "fetch-blob" "^3.1.4"
    "formdata-polyfill" "^4.0.10"

"promise-limit@^2.7.0":
  "integrity" "sha512-7nJ6v5lnJsXwGprnGXga4wx6d1POjvi5Qmf1ivTRxTjH4Z/9Czja/UCMLVmB9N93GeWOU93XaFaEt6jbuoagNw=="
  "resolved" "https://registry.npmjs.org/promise-limit/-/promise-limit-2.7.0.tgz"
  "version" "2.7.0"

"tr46@~0.0.3":
  "integrity" "sha512-N3WMsuqV66lT30CrXNbEjx4GEwlow3v6rr4mCcv6prnfwhS01rkgyFdjPNBYd9br7LpXV1+Emh01fHnq2Gdgrw=="
  "resolved" "https://registry.npmjs.org/tr46/-/tr46-0.0.3.tgz"
  "version" "0.0.3"

"web-streams-polyfill@^3.0.3":
  "integrity" "sha512-e0MO3wdXWKrLbL0DgGnUV7WHVuw9OUvL4hjgnPkIeEvESk74gAITi5G606JtZPp39cd8HA9VQzCIvA49LpPN5Q=="
  "resolved" "https://registry.npmjs.org/web-streams-polyfill/-/web-streams-polyfill-3.2.1.tgz"
  "version" "3.2.1"

"webidl-conversions@^3.0.0":
  "integrity" "sha512-2JAn3z8AR6rjK8Sm8orRC0h/bcl/DqL7tRPdGZ4I1CjdF+EaMLmYxBHyXuKL849eucPFhvBoxMsflfOb8kxaeQ=="
  "resolved" "https://registry.npmjs.org/webidl-conversions/-/webidl-conversions-3.0.1.tgz"
  "version" "3.0.1"

"whatwg-url@^5.0.0":
  "integrity" "sha512-saE57nupxk6v3HY35+jzBwYa0rKSy0XR8JSxZPwgLr7ys0IBzhGviA1/TUGJLmSVqs8pb9AnvICXEuOHLprYTw=="
  "resolved" "https://registry.npmjs.org/whatwg-url/-/whatwg-url-5.0.0.tgz"
  "version" "5.0.0"
  dependencies:
    "tr46" "~0.0.3"
    "webidl-conversions" "^3.0.0"
